// !$*UTF8*$!
{
	archiveVersion = 1;
	classes = {
	};
	objectVersion = 56;
	objects = {

/* Begin PBXBuildFile section */
		CF4AA2B02B4C29C900210778 /* Amphibians_AppApp.swift in Sources */ = {isa = PBXBuildFile; fileRef = CF4AA2AF2B4C29C900210778 /* Amphibians_AppApp.swift */; };
		CF4AA2B22B4C29C900210778 /* AmphibiansApp.swift in Sources */ = {isa = PBXBuildFile; fileRef = CF4AA2B12B4C29C900210778 /* AmphibiansApp.swift */; };
		CF4AA2B42B4C29CB00210778 /* Assets.xcassets in Resources */ = {isa = PBXBuildFile; fileRef = CF4AA2B32B4C29CB00210778 /* Assets.xcassets */; };
		CF4AA2B72B4C29CB00210778 /* Preview Assets.xcassets in Resources */ = {isa = PBXBuildFile; fileRef = CF4AA2B62B4C29CB00210778 /* Preview Assets.xcassets */; };
		CF994E272B5B9A5900094649 /* Factory in Frameworks */ = {isa = PBXBuildFile; productRef = CF994E262B5B9A5900094649 /* Factory */; };
		CF994E2A2B5BB33200094649 /* FactoryContainer.swift in Sources */ = {isa = PBXBuildFile; fileRef = CF994E292B5BB33200094649 /* FactoryContainer.swift */; };
		CFBDEBE42B4CF72000EC59FA /* AmphibiansViewModel.swift in Sources */ = {isa = PBXBuildFile; fileRef = CFBDEBE32B4CF72000EC59FA /* AmphibiansViewModel.swift */; };
		CFBDEBE72B4D04E400EC59FA /* AppDelegate.swift in Sources */ = {isa = PBXBuildFile; fileRef = CFBDEBE62B4D04E400EC59FA /* AppDelegate.swift */; };
		CFBDEBE92B4D211400EC59FA /* ErrorView.swift in Sources */ = {isa = PBXBuildFile; fileRef = CFBDEBE82B4D211400EC59FA /* ErrorView.swift */; };
		CFBDEBEB2B4D211D00EC59FA /* LoadingView.swift in Sources */ = {isa = PBXBuildFile; fileRef = CFBDEBEA2B4D211D00EC59FA /* LoadingView.swift */; };
		CFBDEC092B4D3A5C00EC59FA /* AmphibiansViewModelTest.swift in Sources */ = {isa = PBXBuildFile; fileRef = CFBDEC082B4D3A5C00EC59FA /* AmphibiansViewModelTest.swift */; };
		CFBDEC0C2B4D3B8200EC59FA /* FakeAmphibiansInfoRepository.swift in Sources */ = {isa = PBXBuildFile; fileRef = CFBDEC0B2B4D3B8200EC59FA /* FakeAmphibiansInfoRepository.swift */; };
		CFBDEC0E2B4D3C2700EC59FA /* FakeAmphibiansRemoteDataSource.swift in Sources */ = {isa = PBXBuildFile; fileRef = CFBDEC0D2B4D3C2700EC59FA /* FakeAmphibiansRemoteDataSource.swift */; };
		CFBDEC102B4D40EF00EC59FA /* FakeAmphibiansApiService.swift in Sources */ = {isa = PBXBuildFile; fileRef = CFBDEC0F2B4D40EF00EC59FA /* FakeAmphibiansApiService.swift */; };
		CFBDEC142B4D57CF00EC59FA /* AmphibiansViewTest.swift in Sources */ = {isa = PBXBuildFile; fileRef = CFBDEC132B4D57CF00EC59FA /* AmphibiansViewTest.swift */; };
		CFBDEC162B4D6C1700EC59FA /* NetworkAmphibiansRepositoryTest.swift in Sources */ = {isa = PBXBuildFile; fileRef = CFBDEC152B4D6C1700EC59FA /* NetworkAmphibiansRepositoryTest.swift */; };
		CFBDEC182B4D705300EC59FA /* AmphibiansRemoteDataSourceTest.swift in Sources */ = {isa = PBXBuildFile; fileRef = CFBDEC172B4D705300EC59FA /* AmphibiansRemoteDataSourceTest.swift */; };
		CFF66F482B4C2B4100188B6C /* AmphibiansListInfoView.swift in Sources */ = {isa = PBXBuildFile; fileRef = CFF66F472B4C2B4100188B6C /* AmphibiansListInfoView.swift */; };
		CFF66F4B2B4C2BE200188B6C /* AmphibiansInfoApiModel.swift in Sources */ = {isa = PBXBuildFile; fileRef = CFF66F4A2B4C2BE200188B6C /* AmphibiansInfoApiModel.swift */; };
		CFF66F4E2B4C304E00188B6C /* AppContainer.swift in Sources */ = {isa = PBXBuildFile; fileRef = CFF66F4D2B4C304E00188B6C /* AppContainer.swift */; };
		CFF66F502B4C309A00188B6C /* AmphibiansInfoRepository.swift in Sources */ = {isa = PBXBuildFile; fileRef = CFF66F4F2B4C309A00188B6C /* AmphibiansInfoRepository.swift */; };
		CFF66F522B4C312600188B6C /* AmphibiansRemoteDataSource.swift in Sources */ = {isa = PBXBuildFile; fileRef = CFF66F512B4C312600188B6C /* AmphibiansRemoteDataSource.swift */; };
		CFF66F552B4C36D000188B6C /* AmphibiansApiService.swift in Sources */ = {isa = PBXBuildFile; fileRef = CFF66F542B4C36D000188B6C /* AmphibiansApiService.swift */; };
/* End PBXBuildFile section */

/* Begin PBXContainerItemProxy section */
		CFBDEBF42B4D384B00EC59FA /* PBXContainerItemProxy */ = {
			isa = PBXContainerItemProxy;
			containerPortal = CF4AA2A42B4C29C900210778 /* Project object */;
			proxyType = 1;
			remoteGlobalIDString = CF4AA2AB2B4C29C900210778;
			remoteInfo = "Amphibians App";
		};
		CFBDEC032B4D385600EC59FA /* PBXContainerItemProxy */ = {
			isa = PBXContainerItemProxy;
			containerPortal = CF4AA2A42B4C29C900210778 /* Project object */;
			proxyType = 1;
			remoteGlobalIDString = CF4AA2AB2B4C29C900210778;
			remoteInfo = "Amphibians App";
		};
/* End PBXContainerItemProxy section */

/* Begin PBXFileReference section */
		CF4AA2AC2B4C29C900210778 /* Amphibians App.app */ = {isa = PBXFileReference; explicitFileType = wrapper.application; includeInIndex = 0; path = "Amphibians App.app"; sourceTree = BUILT_PRODUCTS_DIR; };
		CF4AA2AF2B4C29C900210778 /* Amphibians_AppApp.swift */ = {isa = PBXFileReference; lastKnownFileType = sourcecode.swift; path = Amphibians_AppApp.swift; sourceTree = "<group>"; };
		CF4AA2B12B4C29C900210778 /* AmphibiansApp.swift */ = {isa = PBXFileReference; lastKnownFileType = sourcecode.swift; path = AmphibiansApp.swift; sourceTree = "<group>"; };
		CF4AA2B32B4C29CB00210778 /* Assets.xcassets */ = {isa = PBXFileReference; lastKnownFileType = folder.assetcatalog; path = Assets.xcassets; sourceTree = "<group>"; };
		CF4AA2B62B4C29CB00210778 /* Preview Assets.xcassets */ = {isa = PBXFileReference; lastKnownFileType = folder.assetcatalog; path = "Preview Assets.xcassets"; sourceTree = "<group>"; };
		CF994E292B5BB33200094649 /* FactoryContainer.swift */ = {isa = PBXFileReference; lastKnownFileType = sourcecode.swift; path = FactoryContainer.swift; sourceTree = "<group>"; };
		CFBDEBE32B4CF72000EC59FA /* AmphibiansViewModel.swift */ = {isa = PBXFileReference; lastKnownFileType = sourcecode.swift; path = AmphibiansViewModel.swift; sourceTree = "<group>"; };
		CFBDEBE62B4D04E400EC59FA /* AppDelegate.swift */ = {isa = PBXFileReference; lastKnownFileType = sourcecode.swift; path = AppDelegate.swift; sourceTree = "<group>"; };
		CFBDEBE82B4D211400EC59FA /* ErrorView.swift */ = {isa = PBXFileReference; lastKnownFileType = sourcecode.swift; path = ErrorView.swift; sourceTree = "<group>"; };
		CFBDEBEA2B4D211D00EC59FA /* LoadingView.swift */ = {isa = PBXFileReference; lastKnownFileType = sourcecode.swift; path = LoadingView.swift; sourceTree = "<group>"; };
		CFBDEBF02B4D384B00EC59FA /* Amphibians AppTests.xctest */ = {isa = PBXFileReference; explicitFileType = wrapper.cfbundle; includeInIndex = 0; path = "Amphibians AppTests.xctest"; sourceTree = BUILT_PRODUCTS_DIR; };
		CFBDEBFD2B4D385600EC59FA /* Amphibians AppUITests.xctest */ = {isa = PBXFileReference; explicitFileType = wrapper.cfbundle; includeInIndex = 0; path = "Amphibians AppUITests.xctest"; sourceTree = BUILT_PRODUCTS_DIR; };
		CFBDEC082B4D3A5C00EC59FA /* AmphibiansViewModelTest.swift */ = {isa = PBXFileReference; lastKnownFileType = sourcecode.swift; path = AmphibiansViewModelTest.swift; sourceTree = "<group>"; };
		CFBDEC0B2B4D3B8200EC59FA /* FakeAmphibiansInfoRepository.swift */ = {isa = PBXFileReference; lastKnownFileType = sourcecode.swift; path = FakeAmphibiansInfoRepository.swift; sourceTree = "<group>"; };
		CFBDEC0D2B4D3C2700EC59FA /* FakeAmphibiansRemoteDataSource.swift */ = {isa = PBXFileReference; lastKnownFileType = sourcecode.swift; path = FakeAmphibiansRemoteDataSource.swift; sourceTree = "<group>"; };
		CFBDEC0F2B4D40EF00EC59FA /* FakeAmphibiansApiService.swift */ = {isa = PBXFileReference; lastKnownFileType = sourcecode.swift; path = FakeAmphibiansApiService.swift; sourceTree = "<group>"; };
		CFBDEC132B4D57CF00EC59FA /* AmphibiansViewTest.swift */ = {isa = PBXFileReference; lastKnownFileType = sourcecode.swift; path = AmphibiansViewTest.swift; sourceTree = "<group>"; };
		CFBDEC152B4D6C1700EC59FA /* NetworkAmphibiansRepositoryTest.swift */ = {isa = PBXFileReference; lastKnownFileType = sourcecode.swift; path = NetworkAmphibiansRepositoryTest.swift; sourceTree = "<group>"; };
		CFBDEC172B4D705300EC59FA /* AmphibiansRemoteDataSourceTest.swift */ = {isa = PBXFileReference; lastKnownFileType = sourcecode.swift; path = AmphibiansRemoteDataSourceTest.swift; sourceTree = "<group>"; };
		CFF66F472B4C2B4100188B6C /* AmphibiansListInfoView.swift */ = {isa = PBXFileReference; lastKnownFileType = sourcecode.swift; path = AmphibiansListInfoView.swift; sourceTree = "<group>"; };
		CFF66F4A2B4C2BE200188B6C /* AmphibiansInfoApiModel.swift */ = {isa = PBXFileReference; lastKnownFileType = sourcecode.swift; path = AmphibiansInfoApiModel.swift; sourceTree = "<group>"; };
		CFF66F4D2B4C304E00188B6C /* AppContainer.swift */ = {isa = PBXFileReference; lastKnownFileType = sourcecode.swift; path = AppContainer.swift; sourceTree = "<group>"; };
		CFF66F4F2B4C309A00188B6C /* AmphibiansInfoRepository.swift */ = {isa = PBXFileReference; lastKnownFileType = sourcecode.swift; path = AmphibiansInfoRepository.swift; sourceTree = "<group>"; };
		CFF66F512B4C312600188B6C /* AmphibiansRemoteDataSource.swift */ = {isa = PBXFileReference; lastKnownFileType = sourcecode.swift; path = AmphibiansRemoteDataSource.swift; sourceTree = "<group>"; };
		CFF66F542B4C36D000188B6C /* AmphibiansApiService.swift */ = {isa = PBXFileReference; lastKnownFileType = sourcecode.swift; path = AmphibiansApiService.swift; sourceTree = "<group>"; };
/* End PBXFileReference section */

/* Begin PBXFrameworksBuildPhase section */
		CF4AA2A92B4C29C900210778 /* Frameworks */ = {
			isa = PBXFrameworksBuildPhase;
			buildActionMask = 2147483647;
			files = (
				CF994E272B5B9A5900094649 /* Factory in Frameworks */,
			);
			runOnlyForDeploymentPostprocessing = 0;
		};
		CFBDEBED2B4D384B00EC59FA /* Frameworks */ = {
			isa = PBXFrameworksBuildPhase;
			buildActionMask = 2147483647;
			files = (
			);
			runOnlyForDeploymentPostprocessing = 0;
		};
		CFBDEBFA2B4D385600EC59FA /* Frameworks */ = {
			isa = PBXFrameworksBuildPhase;
			buildActionMask = 2147483647;
			files = (
			);
			runOnlyForDeploymentPostprocessing = 0;
		};
/* End PBXFrameworksBuildPhase section */

/* Begin PBXGroup section */
		CF4AA2A32B4C29C900210778 = {
			isa = PBXGroup;
			children = (
				CF4AA2AE2B4C29C900210778 /* Amphibians App */,
				CFBDEBF12B4D384B00EC59FA /* Amphibians AppTests */,
				CFBDEBFE2B4D385600EC59FA /* Amphibians AppUITests */,
				CF4AA2AD2B4C29C900210778 /* Products */,
			);
			sourceTree = "<group>";
		};
		CF4AA2AD2B4C29C900210778 /* Products */ = {
			isa = PBXGroup;
			children = (
				CF4AA2AC2B4C29C900210778 /* Amphibians App.app */,
				CFBDEBF02B4D384B00EC59FA /* Amphibians AppTests.xctest */,
				CFBDEBFD2B4D385600EC59FA /* Amphibians AppUITests.xctest */,
			);
			name = Products;
			sourceTree = "<group>";
		};
		CF4AA2AE2B4C29C900210778 /* Amphibians App */ = {
			isa = PBXGroup;
			children = (
				CF994E282B5BB24B00094649 /* DI */,
				CFBDEBE52B4D048800EC59FA /* Delegate */,
				CFF66F532B4C36C100188B6C /* Network */,
				CFF66F4C2B4C302900188B6C /* Data */,
				CFF66F492B4C2BD200188B6C /* Model */,
				CFF66F452B4C2A8400188B6C /* UI */,
				CF4AA2AF2B4C29C900210778 /* Amphibians_AppApp.swift */,
				CF4AA2B32B4C29CB00210778 /* Assets.xcassets */,
				CF4AA2B52B4C29CB00210778 /* Preview Content */,
			);
			path = "Amphibians App";
			sourceTree = "<group>";
		};
		CF4AA2B52B4C29CB00210778 /* Preview Content */ = {
			isa = PBXGroup;
			children = (
				CF4AA2B62B4C29CB00210778 /* Preview Assets.xcassets */,
			);
			path = "Preview Content";
			sourceTree = "<group>";
		};
		CF994E282B5BB24B00094649 /* DI */ = {
			isa = PBXGroup;
			children = (
				CF994E292B5BB33200094649 /* FactoryContainer.swift */,
			);
			path = DI;
			sourceTree = "<group>";
		};
		CFBDEBE52B4D048800EC59FA /* Delegate */ = {
			isa = PBXGroup;
			children = (
				CFBDEBE62B4D04E400EC59FA /* AppDelegate.swift */,
			);
			path = Delegate;
			sourceTree = "<group>";
		};
		CFBDEBF12B4D384B00EC59FA /* Amphibians AppTests */ = {
			isa = PBXGroup;
			children = (
				CFBDEC0A2B4D3B6E00EC59FA /* Fake */,
				CFBDEC082B4D3A5C00EC59FA /* AmphibiansViewModelTest.swift */,
				CFBDEC152B4D6C1700EC59FA /* NetworkAmphibiansRepositoryTest.swift */,
				CFBDEC172B4D705300EC59FA /* AmphibiansRemoteDataSourceTest.swift */,
			);
			path = "Amphibians AppTests";
			sourceTree = "<group>";
		};
		CFBDEBFE2B4D385600EC59FA /* Amphibians AppUITests */ = {
			isa = PBXGroup;
			children = (
				CFBDEC132B4D57CF00EC59FA /* AmphibiansViewTest.swift */,
			);
			path = "Amphibians AppUITests";
			sourceTree = "<group>";
		};
		CFBDEC0A2B4D3B6E00EC59FA /* Fake */ = {
			isa = PBXGroup;
			children = (
				CFBDEC0B2B4D3B8200EC59FA /* FakeAmphibiansInfoRepository.swift */,
				CFBDEC0D2B4D3C2700EC59FA /* FakeAmphibiansRemoteDataSource.swift */,
				CFBDEC0F2B4D40EF00EC59FA /* FakeAmphibiansApiService.swift */,
			);
			path = Fake;
			sourceTree = "<group>";
		};
		CFF66F452B4C2A8400188B6C /* UI */ = {
			isa = PBXGroup;
			children = (
				CF4AA2B12B4C29C900210778 /* AmphibiansApp.swift */,
				CFF66F472B4C2B4100188B6C /* AmphibiansListInfoView.swift */,
				CFBDEBE32B4CF72000EC59FA /* AmphibiansViewModel.swift */,
				CFBDEBEA2B4D211D00EC59FA /* LoadingView.swift */,
				CFBDEBE82B4D211400EC59FA /* ErrorView.swift */,
			);
			path = UI;
			sourceTree = "<group>";
		};
		CFF66F492B4C2BD200188B6C /* Model */ = {
			isa = PBXGroup;
			children = (
				CFF66F4A2B4C2BE200188B6C /* AmphibiansInfoApiModel.swift */,
			);
			path = Model;
			sourceTree = "<group>";
		};
		CFF66F4C2B4C302900188B6C /* Data */ = {
			isa = PBXGroup;
			children = (
				CFF66F4D2B4C304E00188B6C /* AppContainer.swift */,
				CFF66F4F2B4C309A00188B6C /* AmphibiansInfoRepository.swift */,
				CFF66F512B4C312600188B6C /* AmphibiansRemoteDataSource.swift */,
			);
			path = Data;
			sourceTree = "<group>";
		};
		CFF66F532B4C36C100188B6C /* Network */ = {
			isa = PBXGroup;
			children = (
				CFF66F542B4C36D000188B6C /* AmphibiansApiService.swift */,
			);
			path = Network;
			sourceTree = "<group>";
		};
/* End PBXGroup section */

/* Begin PBXNativeTarget section */
		CF4AA2AB2B4C29C900210778 /* Amphibians App */ = {
			isa = PBXNativeTarget;
			buildConfigurationList = CF4AA2BA2B4C29CB00210778 /* Build configuration list for PBXNativeTarget "Amphibians App" */;
			buildPhases = (
				CF4AA2A82B4C29C900210778 /* Sources */,
				CF4AA2A92B4C29C900210778 /* Frameworks */,
				CF4AA2AA2B4C29C900210778 /* Resources */,
			);
			buildRules = (
			);
			dependencies = (
			);
			name = "Amphibians App";
			packageProductDependencies = (
				CF994E262B5B9A5900094649 /* Factory */,
			);
			productName = "Amphibians App";
			productReference = CF4AA2AC2B4C29C900210778 /* Amphibians App.app */;
			productType = "com.apple.product-type.application";
		};
		CFBDEBEF2B4D384B00EC59FA /* Amphibians AppTests */ = {
			isa = PBXNativeTarget;
			buildConfigurationList = CFBDEBF62B4D384B00EC59FA /* Build configuration list for PBXNativeTarget "Amphibians AppTests" */;
			buildPhases = (
				CFBDEBEC2B4D384B00EC59FA /* Sources */,
				CFBDEBED2B4D384B00EC59FA /* Frameworks */,
				CFBDEBEE2B4D384B00EC59FA /* Resources */,
			);
			buildRules = (
			);
			dependencies = (
				CFBDEBF52B4D384B00EC59FA /* PBXTargetDependency */,
			);
			name = "Amphibians AppTests";
			productName = "Amphibians AppTests";
			productReference = CFBDEBF02B4D384B00EC59FA /* Amphibians AppTests.xctest */;
			productType = "com.apple.product-type.bundle.unit-test";
		};
		CFBDEBFC2B4D385600EC59FA /* Amphibians AppUITests */ = {
			isa = PBXNativeTarget;
			buildConfigurationList = CFBDEC052B4D385600EC59FA /* Build configuration list for PBXNativeTarget "Amphibians AppUITests" */;
			buildPhases = (
				CFBDEBF92B4D385600EC59FA /* Sources */,
				CFBDEBFA2B4D385600EC59FA /* Frameworks */,
				CFBDEBFB2B4D385600EC59FA /* Resources */,
			);
			buildRules = (
			);
			dependencies = (
				CFBDEC042B4D385600EC59FA /* PBXTargetDependency */,
			);
			name = "Amphibians AppUITests";
			productName = "Amphibians AppUITests";
			productReference = CFBDEBFD2B4D385600EC59FA /* Amphibians AppUITests.xctest */;
			productType = "com.apple.product-type.bundle.ui-testing";
		};
/* End PBXNativeTarget section */

/* Begin PBXProject section */
		CF4AA2A42B4C29C900210778 /* Project object */ = {
			isa = PBXProject;
			attributes = {
				BuildIndependentTargetsInParallel = 1;
				LastSwiftUpdateCheck = 1520;
				LastUpgradeCheck = 1510;
				TargetAttributes = {
					CF4AA2AB2B4C29C900210778 = {
						CreatedOnToolsVersion = 15.1;
					};
					CFBDEBEF2B4D384B00EC59FA = {
						CreatedOnToolsVersion = 15.2;
						LastSwiftMigration = 1520;
						TestTargetID = CF4AA2AB2B4C29C900210778;
					};
					CFBDEBFC2B4D385600EC59FA = {
						CreatedOnToolsVersion = 15.2;
						LastSwiftMigration = 1520;
						TestTargetID = CF4AA2AB2B4C29C900210778;
					};
				};
			};
			buildConfigurationList = CF4AA2A72B4C29C900210778 /* Build configuration list for PBXProject "Amphibians App" */;
			compatibilityVersion = "Xcode 14.0";
			developmentRegion = en;
			hasScannedForEncodings = 0;
			knownRegions = (
				en,
				Base,
			);
			mainGroup = CF4AA2A32B4C29C900210778;
			packageReferences = (
				CF994E252B5B9A5900094649 /* XCRemoteSwiftPackageReference "Factory" */,
			);
			productRefGroup = CF4AA2AD2B4C29C900210778 /* Products */;
			projectDirPath = "";
			projectRoot = "";
			targets = (
				CF4AA2AB2B4C29C900210778 /* Amphibians App */,
				CFBDEBEF2B4D384B00EC59FA /* Amphibians AppTests */,
				CFBDEBFC2B4D385600EC59FA /* Amphibians AppUITests */,
			);
		};
/* End PBXProject section */

/* Begin PBXResourcesBuildPhase section */
		CF4AA2AA2B4C29C900210778 /* Resources */ = {
			isa = PBXResourcesBuildPhase;
			buildActionMask = 2147483647;
			files = (
				CF4AA2B72B4C29CB00210778 /* Preview Assets.xcassets in Resources */,
				CF4AA2B42B4C29CB00210778 /* Assets.xcassets in Resources */,
			);
			runOnlyForDeploymentPostprocessing = 0;
		};
		CFBDEBEE2B4D384B00EC59FA /* Resources */ = {
			isa = PBXResourcesBuildPhase;
			buildActionMask = 2147483647;
			files = (
			);
			runOnlyForDeploymentPostprocessing = 0;
		};
		CFBDEBFB2B4D385600EC59FA /* Resources */ = {
			isa = PBXResourcesBuildPhase;
			buildActionMask = 2147483647;
			files = (
			);
			runOnlyForDeploymentPostprocessing = 0;
		};
/* End PBXResourcesBuildPhase section */

/* Begin PBXSourcesBuildPhase section */
		CF4AA2A82B4C29C900210778 /* Sources */ = {
			isa = PBXSourcesBuildPhase;
			buildActionMask = 2147483647;
			files = (
				CF994E2A2B5BB33200094649 /* FactoryContainer.swift in Sources */,
				CF4AA2B22B4C29C900210778 /* AmphibiansApp.swift in Sources */,
				CFBDEBE42B4CF72000EC59FA /* AmphibiansViewModel.swift in Sources */,
				CFF66F482B4C2B4100188B6C /* AmphibiansListInfoView.swift in Sources */,
				CFF66F4E2B4C304E00188B6C /* AppContainer.swift in Sources */,
				CFF66F4B2B4C2BE200188B6C /* AmphibiansInfoApiModel.swift in Sources */,
				CFBDEBEB2B4D211D00EC59FA /* LoadingView.swift in Sources */,
				CFF66F552B4C36D000188B6C /* AmphibiansApiService.swift in Sources */,
				CFF66F522B4C312600188B6C /* AmphibiansRemoteDataSource.swift in Sources */,
				CF4AA2B02B4C29C900210778 /* Amphibians_AppApp.swift in Sources */,
				CFBDEBE72B4D04E400EC59FA /* AppDelegate.swift in Sources */,
				CFF66F502B4C309A00188B6C /* AmphibiansInfoRepository.swift in Sources */,
				CFBDEBE92B4D211400EC59FA /* ErrorView.swift in Sources */,
			);
			runOnlyForDeploymentPostprocessing = 0;
		};
		CFBDEBEC2B4D384B00EC59FA /* Sources */ = {
			isa = PBXSourcesBuildPhase;
			buildActionMask = 2147483647;
			files = (
				CFBDEC0E2B4D3C2700EC59FA /* FakeAmphibiansRemoteDataSource.swift in Sources */,
				CFBDEC0C2B4D3B8200EC59FA /* FakeAmphibiansInfoRepository.swift in Sources */,
				CFBDEC092B4D3A5C00EC59FA /* AmphibiansViewModelTest.swift in Sources */,
				CFBDEC162B4D6C1700EC59FA /* NetworkAmphibiansRepositoryTest.swift in Sources */,
				CFBDEC182B4D705300EC59FA /* AmphibiansRemoteDataSourceTest.swift in Sources */,
				CFBDEC102B4D40EF00EC59FA /* FakeAmphibiansApiService.swift in Sources */,
			);
			runOnlyForDeploymentPostprocessing = 0;
		};
		CFBDEBF92B4D385600EC59FA /* Sources */ = {
			isa = PBXSourcesBuildPhase;
			buildActionMask = 2147483647;
			files = (
				CFBDEC142B4D57CF00EC59FA /* AmphibiansViewTest.swift in Sources */,
			);
			runOnlyForDeploymentPostprocessing = 0;
		};
/* End PBXSourcesBuildPhase section */

/* Begin PBXTargetDependency section */
		CFBDEBF52B4D384B00EC59FA /* PBXTargetDependency */ = {
			isa = PBXTargetDependency;
			target = CF4AA2AB2B4C29C900210778 /* Amphibians App */;
			targetProxy = CFBDEBF42B4D384B00EC59FA /* PBXContainerItemProxy */;
		};
		CFBDEC042B4D385600EC59FA /* PBXTargetDependency */ = {
			isa = PBXTargetDependency;
			target = CF4AA2AB2B4C29C900210778 /* Amphibians App */;
			targetProxy = CFBDEC032B4D385600EC59FA /* PBXContainerItemProxy */;
		};
/* End PBXTargetDependency section */

/* Begin XCBuildConfiguration section */
		CF4AA2B82B4C29CB00210778 /* Debug */ = {
			isa = XCBuildConfiguration;
			buildSettings = {
				ALWAYS_SEARCH_USER_PATHS = NO;
				ASSETCATALOG_COMPILER_GENERATE_SWIFT_ASSET_SYMBOL_EXTENSIONS = YES;
				CLANG_ANALYZER_NONNULL = YES;
				CLANG_ANALYZER_NUMBER_OBJECT_CONVERSION = YES_AGGRESSIVE;
				CLANG_CXX_LANGUAGE_STANDARD = "gnu++20";
				CLANG_ENABLE_MODULES = YES;
				CLANG_ENABLE_OBJC_ARC = YES;
				CLANG_ENABLE_OBJC_WEAK = YES;
				CLANG_WARN_BLOCK_CAPTURE_AUTORELEASING = YES;
				CLANG_WARN_BOOL_CONVERSION = YES;
				CLANG_WARN_COMMA = YES;
				CLANG_WARN_CONSTANT_CONVERSION = YES;
				CLANG_WARN_DEPRECATED_OBJC_IMPLEMENTATIONS = YES;
				CLANG_WARN_DIRECT_OBJC_ISA_USAGE = YES_ERROR;
				CLANG_WARN_DOCUMENTATION_COMMENTS = YES;
				CLANG_WARN_EMPTY_BODY = YES;
				CLANG_WARN_ENUM_CONVERSION = YES;
				CLANG_WARN_INFINITE_RECURSION = YES;
				CLANG_WARN_INT_CONVERSION = YES;
				CLANG_WARN_NON_LITERAL_NULL_CONVERSION = YES;
				CLANG_WARN_OBJC_IMPLICIT_RETAIN_SELF = YES;
				CLANG_WARN_OBJC_LITERAL_CONVERSION = YES;
				CLANG_WARN_OBJC_ROOT_CLASS = YES_ERROR;
				CLANG_WARN_QUOTED_INCLUDE_IN_FRAMEWORK_HEADER = YES;
				CLANG_WARN_RANGE_LOOP_ANALYSIS = YES;
				CLANG_WARN_STRICT_PROTOTYPES = YES;
				CLANG_WARN_SUSPICIOUS_MOVE = YES;
				CLANG_WARN_UNGUARDED_AVAILABILITY = YES_AGGRESSIVE;
				CLANG_WARN_UNREACHABLE_CODE = YES;
				CLANG_WARN__DUPLICATE_METHOD_MATCH = YES;
				COPY_PHASE_STRIP = NO;
				DEBUG_INFORMATION_FORMAT = dwarf;
				ENABLE_STRICT_OBJC_MSGSEND = YES;
				ENABLE_TESTABILITY = YES;
				ENABLE_USER_SCRIPT_SANDBOXING = YES;
				GCC_C_LANGUAGE_STANDARD = gnu17;
				GCC_DYNAMIC_NO_PIC = NO;
				GCC_NO_COMMON_BLOCKS = YES;
				GCC_OPTIMIZATION_LEVEL = 0;
				GCC_PREPROCESSOR_DEFINITIONS = (
					"DEBUG=1",
					"$(inherited)",
				);
				GCC_WARN_64_TO_32_BIT_CONVERSION = YES;
				GCC_WARN_ABOUT_RETURN_TYPE = YES_ERROR;
				GCC_WARN_UNDECLARED_SELECTOR = YES;
				GCC_WARN_UNINITIALIZED_AUTOS = YES_AGGRESSIVE;
				GCC_WARN_UNUSED_FUNCTION = YES;
				GCC_WARN_UNUSED_VARIABLE = YES;
				IPHONEOS_DEPLOYMENT_TARGET = 17.2;
				LOCALIZATION_PREFERS_STRING_CATALOGS = YES;
				MTL_ENABLE_DEBUG_INFO = INCLUDE_SOURCE;
				MTL_FAST_MATH = YES;
				ONLY_ACTIVE_ARCH = YES;
				SDKROOT = iphoneos;
				SWIFT_ACTIVE_COMPILATION_CONDITIONS = "DEBUG $(inherited)";
				SWIFT_OPTIMIZATION_LEVEL = "-Onone";
			};
			name = Debug;
		};
		CF4AA2B92B4C29CB00210778 /* Release */ = {
			isa = XCBuildConfiguration;
			buildSettings = {
				ALWAYS_SEARCH_USER_PATHS = NO;
				ASSETCATALOG_COMPILER_GENERATE_SWIFT_ASSET_SYMBOL_EXTENSIONS = YES;
				CLANG_ANALYZER_NONNULL = YES;
				CLANG_ANALYZER_NUMBER_OBJECT_CONVERSION = YES_AGGRESSIVE;
				CLANG_CXX_LANGUAGE_STANDARD = "gnu++20";
				CLANG_ENABLE_MODULES = YES;
				CLANG_ENABLE_OBJC_ARC = YES;
				CLANG_ENABLE_OBJC_WEAK = YES;
				CLANG_WARN_BLOCK_CAPTURE_AUTORELEASING = YES;
				CLANG_WARN_BOOL_CONVERSION = YES;
				CLANG_WARN_COMMA = YES;
				CLANG_WARN_CONSTANT_CONVERSION = YES;
				CLANG_WARN_DEPRECATED_OBJC_IMPLEMENTATIONS = YES;
				CLANG_WARN_DIRECT_OBJC_ISA_USAGE = YES_ERROR;
				CLANG_WARN_DOCUMENTATION_COMMENTS = YES;
				CLANG_WARN_EMPTY_BODY = YES;
				CLANG_WARN_ENUM_CONVERSION = YES;
				CLANG_WARN_INFINITE_RECURSION = YES;
				CLANG_WARN_INT_CONVERSION = YES;
				CLANG_WARN_NON_LITERAL_NULL_CONVERSION = YES;
				CLANG_WARN_OBJC_IMPLICIT_RETAIN_SELF = YES;
				CLANG_WARN_OBJC_LITERAL_CONVERSION = YES;
				CLANG_WARN_OBJC_ROOT_CLASS = YES_ERROR;
				CLANG_WARN_QUOTED_INCLUDE_IN_FRAMEWORK_HEADER = YES;
				CLANG_WARN_RANGE_LOOP_ANALYSIS = YES;
				CLANG_WARN_STRICT_PROTOTYPES = YES;
				CLANG_WARN_SUSPICIOUS_MOVE = YES;
				CLANG_WARN_UNGUARDED_AVAILABILITY = YES_AGGRESSIVE;
				CLANG_WARN_UNREACHABLE_CODE = YES;
				CLANG_WARN__DUPLICATE_METHOD_MATCH = YES;
				COPY_PHASE_STRIP = NO;
				DEBUG_INFORMATION_FORMAT = "dwarf-with-dsym";
				ENABLE_NS_ASSERTIONS = NO;
				ENABLE_STRICT_OBJC_MSGSEND = YES;
				ENABLE_USER_SCRIPT_SANDBOXING = YES;
				GCC_C_LANGUAGE_STANDARD = gnu17;
				GCC_NO_COMMON_BLOCKS = YES;
				GCC_WARN_64_TO_32_BIT_CONVERSION = YES;
				GCC_WARN_ABOUT_RETURN_TYPE = YES_ERROR;
				GCC_WARN_UNDECLARED_SELECTOR = YES;
				GCC_WARN_UNINITIALIZED_AUTOS = YES_AGGRESSIVE;
				GCC_WARN_UNUSED_FUNCTION = YES;
				GCC_WARN_UNUSED_VARIABLE = YES;
				IPHONEOS_DEPLOYMENT_TARGET = 17.2;
				LOCALIZATION_PREFERS_STRING_CATALOGS = YES;
				MTL_ENABLE_DEBUG_INFO = NO;
				MTL_FAST_MATH = YES;
				SDKROOT = iphoneos;
				SWIFT_COMPILATION_MODE = wholemodule;
				VALIDATE_PRODUCT = YES;
			};
			name = Release;
		};
		CF4AA2BB2B4C29CB00210778 /* Debug */ = {
			isa = XCBuildConfiguration;
			buildSettings = {
				ASSETCATALOG_COMPILER_APPICON_NAME = AppIcon;
				ASSETCATALOG_COMPILER_GLOBAL_ACCENT_COLOR_NAME = AccentColor;
				CODE_SIGN_STYLE = Automatic;
				CURRENT_PROJECT_VERSION = 1;
				DEVELOPMENT_ASSET_PATHS = "\"Amphibians App/Preview Content\"";
				DEVELOPMENT_TEAM = 6H64278R9T;
				ENABLE_PREVIEWS = YES;
				GENERATE_INFOPLIST_FILE = YES;
				INFOPLIST_KEY_UIApplicationSceneManifest_Generation = YES;
				INFOPLIST_KEY_UIApplicationSupportsIndirectInputEvents = YES;
				INFOPLIST_KEY_UILaunchScreen_Generation = YES;
				INFOPLIST_KEY_UISupportedInterfaceOrientations_iPad = "UIInterfaceOrientationPortrait UIInterfaceOrientationPortraitUpsideDown UIInterfaceOrientationLandscapeLeft UIInterfaceOrientationLandscapeRight";
				INFOPLIST_KEY_UISupportedInterfaceOrientations_iPhone = "UIInterfaceOrientationPortrait UIInterfaceOrientationLandscapeLeft UIInterfaceOrientationLandscapeRight";
				IPHONEOS_DEPLOYMENT_TARGET = 16.2;
				LD_RUNPATH_SEARCH_PATHS = (
					"$(inherited)",
					"@executable_path/Frameworks",
				);
				MARKETING_VERSION = 1.0;
				PRODUCT_BUNDLE_IDENTIFIER = "example.sample.Amphibians-App";
				PRODUCT_NAME = "$(TARGET_NAME)";
				SWIFT_EMIT_LOC_STRINGS = YES;
				SWIFT_VERSION = 5.0;
				TARGETED_DEVICE_FAMILY = "1,2";
			};
			name = Debug;
		};
		CF4AA2BC2B4C29CB00210778 /* Release */ = {
			isa = XCBuildConfiguration;
			buildSettings = {
				ASSETCATALOG_COMPILER_APPICON_NAME = AppIcon;
				ASSETCATALOG_COMPILER_GLOBAL_ACCENT_COLOR_NAME = AccentColor;
				CODE_SIGN_STYLE = Automatic;
				CURRENT_PROJECT_VERSION = 1;
				DEVELOPMENT_ASSET_PATHS = "\"Amphibians App/Preview Content\"";
				DEVELOPMENT_TEAM = 6H64278R9T;
				ENABLE_PREVIEWS = YES;
				GENERATE_INFOPLIST_FILE = YES;
				INFOPLIST_KEY_UIApplicationSceneManifest_Generation = YES;
				INFOPLIST_KEY_UIApplicationSupportsIndirectInputEvents = YES;
				INFOPLIST_KEY_UILaunchScreen_Generation = YES;
				INFOPLIST_KEY_UISupportedInterfaceOrientations_iPad = "UIInterfaceOrientationPortrait UIInterfaceOrientationPortraitUpsideDown UIInterfaceOrientationLandscapeLeft UIInterfaceOrientationLandscapeRight";
				INFOPLIST_KEY_UISupportedInterfaceOrientations_iPhone = "UIInterfaceOrientationPortrait UIInterfaceOrientationLandscapeLeft UIInterfaceOrientationLandscapeRight";
				IPHONEOS_DEPLOYMENT_TARGET = 16.2;
				LD_RUNPATH_SEARCH_PATHS = (
					"$(inherited)",
					"@executable_path/Frameworks",
				);
				MARKETING_VERSION = 1.0;
				PRODUCT_BUNDLE_IDENTIFIER = "example.sample.Amphibians-App";
				PRODUCT_NAME = "$(TARGET_NAME)";
				SWIFT_EMIT_LOC_STRINGS = YES;
				SWIFT_VERSION = 5.0;
				TARGETED_DEVICE_FAMILY = "1,2";
			};
			name = Release;
		};
		CFBDEBF72B4D384B00EC59FA /* Debug */ = {
			isa = XCBuildConfiguration;
			buildSettings = {
				BUNDLE_LOADER = "$(TEST_HOST)";
				CLANG_ENABLE_MODULES = YES;
				CODE_SIGN_STYLE = Automatic;
				CURRENT_PROJECT_VERSION = 1;
				DEVELOPMENT_TEAM = 6H64278R9T;
				GENERATE_INFOPLIST_FILE = YES;
				MARKETING_VERSION = 1.0;
				PRODUCT_BUNDLE_IDENTIFIER = "example.sample.Amphibians-AppTests";
				PRODUCT_NAME = "$(TARGET_NAME)";
				SWIFT_EMIT_LOC_STRINGS = NO;
				SWIFT_OPTIMIZATION_LEVEL = "-Onone";
				SWIFT_VERSION = 5.0;
				TARGETED_DEVICE_FAMILY = "1,2";
				TEST_HOST = "$(BUILT_PRODUCTS_DIR)/Amphibians App.app/$(BUNDLE_EXECUTABLE_FOLDER_PATH)/Amphibians App";
			};
			name = Debug;
		};
		CFBDEBF82B4D384B00EC59FA /* Release */ = {
			isa = XCBuildConfiguration;
			buildSettings = {
				BUNDLE_LOADER = "$(TEST_HOST)";
				CLANG_ENABLE_MODULES = YES;
				CODE_SIGN_STYLE = Automatic;
				CURRENT_PROJECT_VERSION = 1;
				DEVELOPMENT_TEAM = 6H64278R9T;
				GENERATE_INFOPLIST_FILE = YES;
				MARKETING_VERSION = 1.0;
				PRODUCT_BUNDLE_IDENTIFIER = "example.sample.Amphibians-AppTests";
				PRODUCT_NAME = "$(TARGET_NAME)";
				SWIFT_EMIT_LOC_STRINGS = NO;
				SWIFT_VERSION = 5.0;
				TARGETED_DEVICE_FAMILY = "1,2";
				TEST_HOST = "$(BUILT_PRODUCTS_DIR)/Amphibians App.app/$(BUNDLE_EXECUTABLE_FOLDER_PATH)/Amphibians App";
			};
			name = Release;
		};
		CFBDEC062B4D385600EC59FA /* Debug */ = {
			isa = XCBuildConfiguration;
			buildSettings = {
				CLANG_ENABLE_MODULES = YES;
				CODE_SIGN_STYLE = Automatic;
				CURRENT_PROJECT_VERSION = 1;
				DEVELOPMENT_TEAM = 6H64278R9T;
				GENERATE_INFOPLIST_FILE = YES;
				MARKETING_VERSION = 1.0;
				PRODUCT_BUNDLE_IDENTIFIER = "example.sample.Amphibians-AppUITests";
				PRODUCT_NAME = "$(TARGET_NAME)";
				SWIFT_EMIT_LOC_STRINGS = NO;
				SWIFT_OPTIMIZATION_LEVEL = "-Onone";
				SWIFT_VERSION = 5.0;
				TARGETED_DEVICE_FAMILY = "1,2";
				TEST_TARGET_NAME = "Amphibians App";
			};
			name = Debug;
		};
		CFBDEC072B4D385600EC59FA /* Release */ = {
			isa = XCBuildConfiguration;
			buildSettings = {
				CLANG_ENABLE_MODULES = YES;
				CODE_SIGN_STYLE = Automatic;
				CURRENT_PROJECT_VERSION = 1;
				DEVELOPMENT_TEAM = 6H64278R9T;
				GENERATE_INFOPLIST_FILE = YES;
				MARKETING_VERSION = 1.0;
				PRODUCT_BUNDLE_IDENTIFIER = "example.sample.Amphibians-AppUITests";
				PRODUCT_NAME = "$(TARGET_NAME)";
				SWIFT_EMIT_LOC_STRINGS = NO;
				SWIFT_VERSION = 5.0;
				TARGETED_DEVICE_FAMILY = "1,2";
				TEST_TARGET_NAME = "Amphibians App";
			};
			name = Release;
		};
/* End XCBuildConfiguration section */

/* Begin XCConfigurationList section */
		CF4AA2A72B4C29C900210778 /* Build configuration list for PBXProject "Amphibians App" */ = {
			isa = XCConfigurationList;
			buildConfigurations = (
				CF4AA2B82B4C29CB00210778 /* Debug */,
				CF4AA2B92B4C29CB00210778 /* Release */,
			);
			defaultConfigurationIsVisible = 0;
			defaultConfigurationName = Release;
		};
		CF4AA2BA2B4C29CB00210778 /* Build configuration list for PBXNativeTarget "Amphibians App" */ = {
			isa = XCConfigurationList;
			buildConfigurations = (
				CF4AA2BB2B4C29CB00210778 /* Debug */,
				CF4AA2BC2B4C29CB00210778 /* Release */,
			);
			defaultConfigurationIsVisible = 0;
			defaultConfigurationName = Release;
		};
		CFBDEBF62B4D384B00EC59FA /* Build configuration list for PBXNativeTarget "Amphibians AppTests" */ = {
			isa = XCConfigurationList;
			buildConfigurations = (
				CFBDEBF72B4D384B00EC59FA /* Debug */,
				CFBDEBF82B4D384B00EC59FA /* Release */,
			);
			defaultConfigurationIsVisible = 0;
			defaultConfigurationName = Release;
		};
		CFBDEC052B4D385600EC59FA /* Build configuration list for PBXNativeTarget "Amphibians AppUITests" */ = {
			isa = XCConfigurationList;
			buildConfigurations = (
				CFBDEC062B4D385600EC59FA /* Debug */,
				CFBDEC072B4D385600EC59FA /* Release */,
			);
			defaultConfigurationIsVisible = 0;
			defaultConfigurationName = Release;
		};
/* End XCConfigurationList section */

/* Begin XCRemoteSwiftPackageReference section */
		CF994E252B5B9A5900094649 /* XCRemoteSwiftPackageReference "Factory" */ = {
			isa = XCRemoteSwiftPackageReference;
			repositoryURL = "https://github.com/hmlongco/Factory.git";
			requirement = {
				kind = upToNextMajorVersion;
				minimumVersion = 2.3.1;
			};
		};
/* End XCRemoteSwiftPackageReference section */

/* Begin XCSwiftPackageProductDependency section */
		CF994E262B5B9A5900094649 /* Factory */ = {
			isa = XCSwiftPackageProductDependency;
			package = CF994E252B5B9A5900094649 /* XCRemoteSwiftPackageReference "Factory" */;
			productName = Factory;
		};
/* End XCSwiftPackageProductDependency section */
	};
	rootObject = CF4AA2A42B4C29C900210778 /* Project object */;
}
